
Microsoft Visual Studio Solution File, Format Version 12.00
# Visual Studio 15
VisualStudioVersion = 15.0.28307.852
MinimumVisualStudioVersion = 10.0.40219.1
Project("{FAE04EC0-301F-11D3-BF4B-00C04F79EFBC}") = "NewDisplay", "NewDisplay\NewDisplay.csproj", "{1EF3752D-848F-446E-9A46-46396A46ED91}"
EndProject
Global
	GlobalSection(SolutionConfigurationPlatforms) = preSolution
		Debug|Any CPU = Debug|Any CPU
		Release|Any CPU = Release|Any CPU
	EndGlobalSection
	GlobalSection(ProjectConfigurationPlatforms) = postSolution
		{1EF3752D-848F-446E-9A46-46396A46ED91}.Debug|Any CPU.ActiveCfg = Debug|Any CPU
		{1EF3752D-848F-446E-9A46-46396A46ED91}.Debug|Any CPU.Build.0 = Debug|Any CPU
		{1EF3752D-848F-446E-9A46-46396A46ED91}.Release|Any CPU.ActiveCfg = Release|Any CPU
		{1EF3752D-848F-446E-9A46-46396A46ED91}.Release|Any CPU.Build.0 = Release|Any CPU
	EndGlobalSection
	GlobalSection(SolutionProperties) = preSolution
		HideSolutionNode = FALSE
	EndGlobalSection
	GlobalSection(ExtensibilityGlobals) = postSolution
		SolutionGuid = {95D193D4-4502-45C0-A3DC-3D9B75043EF2}
	EndGlobalSection
EndGlobal
